// !$*UTF8*$!
{
	archiveVersion = 1;
	classes = {
	};
	objectVersion = 48;
	objects = {

/* Begin PBXBuildFile section */
		7906A27A219FBB4C006CC94C /* Image+Url.swift in Sources */ = {isa = PBXBuildFile; fileRef = 7906A279219FBB4C006CC94C /* Image+Url.swift */; };
		79085991216DA3D900E16AD1 /* AppUserModelTests.swift in Sources */ = {isa = PBXBuildFile; fileRef = 79085990216DA3D900E16AD1 /* AppUserModelTests.swift */; };
		790B5AA2217967E400A88A0D /* LICENSE.txt in Resources */ = {isa = PBXBuildFile; fileRef = 790B5AA1217967E400A88A0D /* LICENSE.txt */; };
		790D9C2C211F75D500BB8CC1 /* AppUserFollowing.swift in Sources */ = {isa = PBXBuildFile; fileRef = 790D9C2B211F75D500BB8CC1 /* AppUserFollowing.swift */; };
		791E0D2E21D986D3000240DC /* AppUserBlocking.swift in Sources */ = {isa = PBXBuildFile; fileRef = 791E0D2D21D986D3000240DC /* AppUserBlocking.swift */; };
		7922D54621A07E6400C73816 /* Image+Blur.swift in Sources */ = {isa = PBXBuildFile; fileRef = 7922D54521A07E6400C73816 /* Image+Blur.swift */; };
		792922F5218949FD00EB5C2D /* ReviewableTableViewCell.swift in Sources */ = {isa = PBXBuildFile; fileRef = 792922F4218949FD00EB5C2D /* ReviewableTableViewCell.swift */; };
		792922F92189501100EB5C2D /* ModelTableViewCell.swift in Sources */ = {isa = PBXBuildFile; fileRef = 792922F82189501100EB5C2D /* ModelTableViewCell.swift */; };
		793031B121C71D2900D4ABE6 /* AppUserStats.swift in Sources */ = {isa = PBXBuildFile; fileRef = 793031B021C71D2900D4ABE6 /* AppUserStats.swift */; };
		793031B321C72A2F00D4ABE6 /* FollowingsTableViewController.swift in Sources */ = {isa = PBXBuildFile; fileRef = 793031B221C72A2F00D4ABE6 /* FollowingsTableViewController.swift */; };
		793031B521C72C6E00D4ABE6 /* FollowingTableViewCell.swift in Sources */ = {isa = PBXBuildFile; fileRef = 793031B421C72C6E00D4ABE6 /* FollowingTableViewCell.swift */; };
		793CC072224F162D00DB48E1 /* SignUpViewController.swift in Sources */ = {isa = PBXBuildFile; fileRef = 793CC071224F162D00DB48E1 /* SignUpViewController.swift */; };
		794FCC1C2186B5EA009B614A /* UserWithReviewsCollectionViewController.swift in Sources */ = {isa = PBXBuildFile; fileRef = 794FCC1B2186B5EA009B614A /* UserWithReviewsCollectionViewController.swift */; };
		795239C82187C652004FEB82 /* ReviewsOnlyCollectionViewController.swift in Sources */ = {isa = PBXBuildFile; fileRef = 795239C72187C652004FEB82 /* ReviewsOnlyCollectionViewController.swift */; };
		795239CE2187FB9D004FEB82 /* ReviewCollectionViewCell.xib in Resources */ = {isa = PBXBuildFile; fileRef = 795239CD2187FB9D004FEB82 /* ReviewCollectionViewCell.xib */; };
		795239D02187FF68004FEB82 /* ReviewWithCommentCollectionViewCell.xib in Resources */ = {isa = PBXBuildFile; fileRef = 795239CF2187FF68004FEB82 /* ReviewWithCommentCollectionViewCell.xib */; };
		795239D22188080C004FEB82 /* UserCollectionReusableView.swift in Sources */ = {isa = PBXBuildFile; fileRef = 795239D12188080C004FEB82 /* UserCollectionReusableView.swift */; };
		795447D421A10F7F00AB281D /* UIColor+commonStyles.swift in Sources */ = {isa = PBXBuildFile; fileRef = 795447D321A10F7F00AB281D /* UIColor+commonStyles.swift */; };
		795447D621A10FAD00AB281D /* UIFont+commonStyles.swift in Sources */ = {isa = PBXBuildFile; fileRef = 795447D521A10FAD00AB281D /* UIFont+commonStyles.swift */; };
		7955246921A34D4D0009C431 /* IconCollectionViewCell.swift in Sources */ = {isa = PBXBuildFile; fileRef = 7955246721A34D4D0009C431 /* IconCollectionViewCell.swift */; };
		7955246E21A357310009C431 /* IconSelectorViewController.swift in Sources */ = {isa = PBXBuildFile; fileRef = 7955246D21A357310009C431 /* IconSelectorViewController.swift */; };
		79594BA6217F72FB00A5C34C /* ReviewsCollectionViewController.swift in Sources */ = {isa = PBXBuildFile; fileRef = 79594BA5217F72FB00A5C34C /* ReviewsCollectionViewController.swift */; };
		79594BA8217FB87A00A5C34C /* ReviewWithCommentCollectionViewCell.swift in Sources */ = {isa = PBXBuildFile; fileRef = 79594BA7217FB87A00A5C34C /* ReviewWithCommentCollectionViewCell.swift */; };
		79594BAA217FBCDF00A5C34C /* ReviewCollectionViewCell.swift in Sources */ = {isa = PBXBuildFile; fileRef = 79594BA9217FBCDF00A5C34C /* ReviewCollectionViewCell.swift */; };
		795B85AA21A23C630021DF0E /* CreateReviewViewController.swift in Sources */ = {isa = PBXBuildFile; fileRef = 795B85A921A23C620021DF0E /* CreateReviewViewController.swift */; };
		795CE0FE217813D600311390 /* KeychainPasswordItem.swift in Sources */ = {isa = PBXBuildFile; fileRef = 795CE0FD217813D600311390 /* KeychainPasswordItem.swift */; };
		795CE1002178144500311390 /* SessionService.swift in Sources */ = {isa = PBXBuildFile; fileRef = 795CE0FF2178144500311390 /* SessionService.swift */; };
		795CE102217817E400311390 /* Token.swift in Sources */ = {isa = PBXBuildFile; fileRef = 795CE101217817E400311390 /* Token.swift */; };
		795E719D2175796900E40F16 /* SearchTableViewController.swift in Sources */ = {isa = PBXBuildFile; fileRef = 795E719C2175796900E40F16 /* SearchTableViewController.swift */; };
		795F25A421741E610022DFE2 /* UserTableViewCell.swift in Sources */ = {isa = PBXBuildFile; fileRef = 795F25A221741E610022DFE2 /* UserTableViewCell.swift */; };
		795F6E8421DBBF8600D6CF31 /* SettingButtonTableViewCell.swift in Sources */ = {isa = PBXBuildFile; fileRef = 795F6E8321DBBF8600D6CF31 /* SettingButtonTableViewCell.swift */; };
		795F6E8621DC3AA300D6CF31 /* UpdateEmailViewController.swift in Sources */ = {isa = PBXBuildFile; fileRef = 795F6E8521DC3AA300D6CF31 /* UpdateEmailViewController.swift */; };
		795F6E8821DC616C00D6CF31 /* UpdatePasswordViewController.swift in Sources */ = {isa = PBXBuildFile; fileRef = 795F6E8721DC616C00D6CF31 /* UpdatePasswordViewController.swift */; };
		795FB6A0224DA89400E81735 /* LoginViewController.swift in Sources */ = {isa = PBXBuildFile; fileRef = 795FB69F224DA89400E81735 /* LoginViewController.swift */; };
		7960649B217ACA6C009F2EEA /* KeyChainService.swift in Sources */ = {isa = PBXBuildFile; fileRef = 7960649A217ACA6C009F2EEA /* KeyChainService.swift */; };
		79629858225939850054A0CB /* ReviewStats.swift in Sources */ = {isa = PBXBuildFile; fileRef = 79629857225939850054A0CB /* ReviewStats.swift */; };
		79639BF82183F02C00996DD9 /* String+Size.swift in Sources */ = {isa = PBXBuildFile; fileRef = 79639BF72183F02C00996DD9 /* String+Size.swift */; };
		79647B6A21AB0D5200C94ED6 /* Settings.swift in Sources */ = {isa = PBXBuildFile; fileRef = 79647B6921AB0D5200C94ED6 /* Settings.swift */; };
		79647B6C21AB47D700C94ED6 /* SettingsInputTableViewCell.swift in Sources */ = {isa = PBXBuildFile; fileRef = 79647B6B21AB47D700C94ED6 /* SettingsInputTableViewCell.swift */; };
		79647B6E21AB483000C94ED6 /* SettingTableViewCell.swift in Sources */ = {isa = PBXBuildFile; fileRef = 79647B6D21AB483000C94ED6 /* SettingTableViewCell.swift */; };
		79647B7021AB635F00C94ED6 /* SettingSwitchTableViewCell.swift in Sources */ = {isa = PBXBuildFile; fileRef = 79647B6F21AB635F00C94ED6 /* SettingSwitchTableViewCell.swift */; };
		79647B7221AB636D00C94ED6 /* SettingDetailTableViewCell.swift in Sources */ = {isa = PBXBuildFile; fileRef = 79647B7121AB636D00C94ED6 /* SettingDetailTableViewCell.swift */; };
		79647B7421AB638100C94ED6 /* SettingSegmentTableViewCell.swift in Sources */ = {isa = PBXBuildFile; fileRef = 79647B7321AB638100C94ED6 /* SettingSegmentTableViewCell.swift */; };
		7966E7B221A65EA3000AFE2C /* EmojiTabButton.swift in Sources */ = {isa = PBXBuildFile; fileRef = 7966E7B121A65EA3000AFE2C /* EmojiTabButton.swift */; };
		79690E28224C4B2B006892D9 /* TappableLabel.swift in Sources */ = {isa = PBXBuildFile; fileRef = 79690E27224C4B2B006892D9 /* TappableLabel.swift */; };
		796BD1BE21B350E5008F1E5F /* ReviewReplyModalViewController.swift in Sources */ = {isa = PBXBuildFile; fileRef = 796BD1BD21B350E5008F1E5F /* ReviewReplyModalViewController.swift */; };
		79734CCC21A8B663004AF5DD /* ReviewTableViewController.swift in Sources */ = {isa = PBXBuildFile; fileRef = 79734CCB21A8B663004AF5DD /* ReviewTableViewController.swift */; };
		79734CCE21A8D89B004AF5DD /* ReviewTableViewCell.swift in Sources */ = {isa = PBXBuildFile; fileRef = 79734CCD21A8D89B004AF5DD /* ReviewTableViewCell.swift */; };
		79734CD021A8D8E9004AF5DD /* ReviewStatsTableViewCell.swift in Sources */ = {isa = PBXBuildFile; fileRef = 79734CCF21A8D8E9004AF5DD /* ReviewStatsTableViewCell.swift */; };
		79734CD221A8D8F7004AF5DD /* ReviewActionsTableViewCell.swift in Sources */ = {isa = PBXBuildFile; fileRef = 79734CD121A8D8F7004AF5DD /* ReviewActionsTableViewCell.swift */; };
		79734CD421A8D938004AF5DD /* ReviewReplyTableViewCell.swift in Sources */ = {isa = PBXBuildFile; fileRef = 79734CD321A8D938004AF5DD /* ReviewReplyTableViewCell.swift */; };
		79734CD621A8FEDD004AF5DD /* ReviewReply.swift in Sources */ = {isa = PBXBuildFile; fileRef = 79734CD521A8FEDD004AF5DD /* ReviewReply.swift */; };
		7981D8482255A3A900669977 /* BlockedAccountsTableViewController.swift in Sources */ = {isa = PBXBuildFile; fileRef = 7981D8472255A3A900669977 /* BlockedAccountsTableViewController.swift */; };
		7994BFDE20608A9600D05B25 /* AppDelegate.swift in Sources */ = {isa = PBXBuildFile; fileRef = 7994BFDD20608A9600D05B25 /* AppDelegate.swift */; };
		7994BFE320608A9600D05B25 /* Main.storyboard in Resources */ = {isa = PBXBuildFile; fileRef = 7994BFE120608A9600D05B25 /* Main.storyboard */; };
		7994BFE620608A9600D05B25 /* Revvr.xcdatamodeld in Sources */ = {isa = PBXBuildFile; fileRef = 7994BFE420608A9600D05B25 /* Revvr.xcdatamodeld */; };
		7994BFE820608A9600D05B25 /* Assets.xcassets in Resources */ = {isa = PBXBuildFile; fileRef = 7994BFE720608A9600D05B25 /* Assets.xcassets */; };
		7994BFEB20608A9600D05B25 /* LaunchScreen.storyboard in Resources */ = {isa = PBXBuildFile; fileRef = 7994BFE920608A9600D05B25 /* LaunchScreen.storyboard */; };
		7994BFF620608A9600D05B25 /* RevvrTests.swift in Sources */ = {isa = PBXBuildFile; fileRef = 7994BFF520608A9600D05B25 /* RevvrTests.swift */; };
		7994C00120608A9600D05B25 /* RevvrUITests.swift in Sources */ = {isa = PBXBuildFile; fileRef = 7994C00020608A9600D05B25 /* RevvrUITests.swift */; };
		799C004E21128F04001BF07D /* APIService.swift in Sources */ = {isa = PBXBuildFile; fileRef = 799C004D21128F04001BF07D /* APIService.swift */; };
		799C005121128F32001BF07D /* AppUserAPIService.swift in Sources */ = {isa = PBXBuildFile; fileRef = 799C005021128F32001BF07D /* AppUserAPIService.swift */; };
		799C140C21A9B2A2001ABFC2 /* AttributedString+UserDetails.swift in Sources */ = {isa = PBXBuildFile; fileRef = 799C140B21A9B2A2001ABFC2 /* AttributedString+UserDetails.swift */; };
		799C140E21A9CB6B001ABFC2 /* Date+Format.swift in Sources */ = {isa = PBXBuildFile; fileRef = 799C140D21A9CB6B001ABFC2 /* Date+Format.swift */; };
		799C141021A9CC3A001ABFC2 /* ReviewableModelTests.swift in Sources */ = {isa = PBXBuildFile; fileRef = 799C140F21A9CC3A001ABFC2 /* ReviewableModelTests.swift */; };
		799C141221A9CC45001ABFC2 /* ReviewModelTests.swift in Sources */ = {isa = PBXBuildFile; fileRef = 799C141121A9CC45001ABFC2 /* ReviewModelTests.swift */; };
		799C141621A9DD64001ABFC2 /* SettingsTableViewController.swift in Sources */ = {isa = PBXBuildFile; fileRef = 799C141521A9DD64001ABFC2 /* SettingsTableViewController.swift */; };
		79AF8E8221D848CE0085974F /* settings.json in Resources */ = {isa = PBXBuildFile; fileRef = 79AF8E8121D848CE0085974F /* settings.json */; };
		79B48BBC211509E200AB5415 /* AppUser.swift in Sources */ = {isa = PBXBuildFile; fileRef = 79B48BBB211509E200AB5415 /* AppUser.swift */; };
		79B48BBE211509FF00AB5415 /* Review.swift in Sources */ = {isa = PBXBuildFile; fileRef = 79B48BBD211509FF00AB5415 /* Review.swift */; };
		79B48BC021150A1B00AB5415 /* Reviewable.swift in Sources */ = {isa = PBXBuildFile; fileRef = 79B48BBF21150A1B00AB5415 /* Reviewable.swift */; };
		79B48BC221150C3100AB5415 /* ReviewableAPIService.swift in Sources */ = {isa = PBXBuildFile; fileRef = 79B48BC121150C3100AB5415 /* ReviewableAPIService.swift */; };
		79B48BC421150C5A00AB5415 /* ReviewAPIService.swift in Sources */ = {isa = PBXBuildFile; fileRef = 79B48BC321150C5A00AB5415 /* ReviewAPIService.swift */; };
		79B48BC621150E5200AB5415 /* AppUserContent.swift in Sources */ = {isa = PBXBuildFile; fileRef = 79B48BC521150E5200AB5415 /* AppUserContent.swift */; };
		79B48BCB21150EAB00AB5415 /* ReviewableContent.swift in Sources */ = {isa = PBXBuildFile; fileRef = 79B48BCA21150EAB00AB5415 /* ReviewableContent.swift */; };
		79B48BCD21150EC200AB5415 /* AppUserSettings.swift in Sources */ = {isa = PBXBuildFile; fileRef = 79B48BCC21150EC200AB5415 /* AppUserSettings.swift */; };
		79B48BCF21150EFB00AB5415 /* ReviewableInfo.swift in Sources */ = {isa = PBXBuildFile; fileRef = 79B48BCE21150EFB00AB5415 /* ReviewableInfo.swift */; };
		79C07EAE2121BC1F00B7D024 /* ReviewLike.swift in Sources */ = {isa = PBXBuildFile; fileRef = 79C07EAD2121BC1F00B7D024 /* ReviewLike.swift */; };
		79D4814A218A172A001AEB95 /* ReviewableWithReviewsCollectionViewController.swift in Sources */ = {isa = PBXBuildFile; fileRef = 79D48149218A172A001AEB95 /* ReviewableWithReviewsCollectionViewController.swift */; };
		79D4814C218A187A001AEB95 /* ReviewableCollectionReusableView.swift in Sources */ = {isa = PBXBuildFile; fileRef = 79D4814B218A187A001AEB95 /* ReviewableCollectionReusableView.swift */; };
		79D48150218A5F4A001AEB95 /* MainTabbarViewController.swift in Sources */ = {isa = PBXBuildFile; fileRef = 79D4814F218A5F4A001AEB95 /* MainTabbarViewController.swift */; };
		79F1E03F21CF1F7700B46E75 /* ScannerViewController.swift in Sources */ = {isa = PBXBuildFile; fileRef = 79F1E03E21CF1F7700B46E75 /* ScannerViewController.swift */; };
		8A556A4E41C57697223E17B5 /* Pods_RevvrTests.framework in Frameworks */ = {isa = PBXBuildFile; fileRef = 563D02650801DFCE8B495E64 /* Pods_RevvrTests.framework */; };
		A5D798BB729D688B6A4F799F /* Pods_RevvrUITests.framework in Frameworks */ = {isa = PBXBuildFile; fileRef = E6E9D931E19714A811F984E9 /* Pods_RevvrUITests.framework */; };
		F173A3B93CF76264ABB3EFE1 /* Pods_Revvr.framework in Frameworks */ = {isa = PBXBuildFile; fileRef = AF466C5C824EFFDF63B56756 /* Pods_Revvr.framework */; };
/* End PBXBuildFile section */

/* Begin PBXContainerItemProxy section */
		7994BFF220608A9600D05B25 /* PBXContainerItemProxy */ = {
			isa = PBXContainerItemProxy;
			containerPortal = 7994BFD220608A9500D05B25 /* Project object */;
			proxyType = 1;
			remoteGlobalIDString = 7994BFD920608A9600D05B25;
			remoteInfo = Revvr;
		};
		7994BFFD20608A9600D05B25 /* PBXContainerItemProxy */ = {
			isa = PBXContainerItemProxy;
			containerPortal = 7994BFD220608A9500D05B25 /* Project object */;
			proxyType = 1;
			remoteGlobalIDString = 7994BFD920608A9600D05B25;
			remoteInfo = Revvr;
		};
/* End PBXContainerItemProxy section */

/* Begin PBXFileReference section */
		339CFAFFB37B129947BEB4B6 /* Pods-Revvr.release.xcconfig */ = {isa = PBXFileReference; includeInIndex = 1; lastKnownFileType = text.xcconfig; name = "Pods-Revvr.release.xcconfig"; path = "Pods/Target Support Files/Pods-Revvr/Pods-Revvr.release.xcconfig"; sourceTree = "<group>"; };
		55D193159E258AA569254070 /* Pods-RevvrUITests.release.xcconfig */ = {isa = PBXFileReference; includeInIndex = 1; lastKnownFileType = text.xcconfig; name = "Pods-RevvrUITests.release.xcconfig"; path = "Pods/Target Support Files/Pods-RevvrUITests/Pods-RevvrUITests.release.xcconfig"; sourceTree = "<group>"; };
		563D02650801DFCE8B495E64 /* Pods_RevvrTests.framework */ = {isa = PBXFileReference; explicitFileType = wrapper.framework; includeInIndex = 0; path = Pods_RevvrTests.framework; sourceTree = BUILT_PRODUCTS_DIR; };
		7906A279219FBB4C006CC94C /* Image+Url.swift */ = {isa = PBXFileReference; lastKnownFileType = sourcecode.swift; path = "Image+Url.swift"; sourceTree = "<group>"; };
		79085990216DA3D900E16AD1 /* AppUserModelTests.swift */ = {isa = PBXFileReference; fileEncoding = 4; lastKnownFileType = sourcecode.swift; path = AppUserModelTests.swift; sourceTree = "<group>"; };
		790B5AA1217967E400A88A0D /* LICENSE.txt */ = {isa = PBXFileReference; fileEncoding = 4; lastKnownFileType = text; path = LICENSE.txt; sourceTree = "<group>"; };
		790D9C2B211F75D500BB8CC1 /* AppUserFollowing.swift */ = {isa = PBXFileReference; lastKnownFileType = sourcecode.swift; path = AppUserFollowing.swift; sourceTree = "<group>"; };
		791E0D2D21D986D3000240DC /* AppUserBlocking.swift */ = {isa = PBXFileReference; lastKnownFileType = sourcecode.swift; path = AppUserBlocking.swift; sourceTree = "<group>"; };
		7922D54521A07E6400C73816 /* Image+Blur.swift */ = {isa = PBXFileReference; lastKnownFileType = sourcecode.swift; path = "Image+Blur.swift"; sourceTree = "<group>"; };
		792922F4218949FD00EB5C2D /* ReviewableTableViewCell.swift */ = {isa = PBXFileReference; lastKnownFileType = sourcecode.swift; path = ReviewableTableViewCell.swift; sourceTree = "<group>"; };
		792922F82189501100EB5C2D /* ModelTableViewCell.swift */ = {isa = PBXFileReference; lastKnownFileType = sourcecode.swift; path = ModelTableViewCell.swift; sourceTree = "<group>"; };
		793031B021C71D2900D4ABE6 /* AppUserStats.swift */ = {isa = PBXFileReference; lastKnownFileType = sourcecode.swift; path = AppUserStats.swift; sourceTree = "<group>"; };
		793031B221C72A2F00D4ABE6 /* FollowingsTableViewController.swift */ = {isa = PBXFileReference; lastKnownFileType = sourcecode.swift; path = FollowingsTableViewController.swift; sourceTree = "<group>"; };
		793031B421C72C6E00D4ABE6 /* FollowingTableViewCell.swift */ = {isa = PBXFileReference; lastKnownFileType = sourcecode.swift; path = FollowingTableViewCell.swift; sourceTree = "<group>"; };
		793CC071224F162D00DB48E1 /* SignUpViewController.swift */ = {isa = PBXFileReference; lastKnownFileType = sourcecode.swift; path = SignUpViewController.swift; sourceTree = "<group>"; };
		794FCC1B2186B5EA009B614A /* UserWithReviewsCollectionViewController.swift */ = {isa = PBXFileReference; lastKnownFileType = sourcecode.swift; path = UserWithReviewsCollectionViewController.swift; sourceTree = "<group>"; };
		795239C72187C652004FEB82 /* ReviewsOnlyCollectionViewController.swift */ = {isa = PBXFileReference; lastKnownFileType = sourcecode.swift; path = ReviewsOnlyCollectionViewController.swift; sourceTree = "<group>"; };
		795239CD2187FB9D004FEB82 /* ReviewCollectionViewCell.xib */ = {isa = PBXFileReference; lastKnownFileType = file.xib; path = ReviewCollectionViewCell.xib; sourceTree = "<group>"; };
		795239CF2187FF68004FEB82 /* ReviewWithCommentCollectionViewCell.xib */ = {isa = PBXFileReference; lastKnownFileType = file.xib; path = ReviewWithCommentCollectionViewCell.xib; sourceTree = "<group>"; };
		795239D12188080C004FEB82 /* UserCollectionReusableView.swift */ = {isa = PBXFileReference; lastKnownFileType = sourcecode.swift; path = UserCollectionReusableView.swift; sourceTree = "<group>"; };
		795447D321A10F7F00AB281D /* UIColor+commonStyles.swift */ = {isa = PBXFileReference; lastKnownFileType = sourcecode.swift; path = "UIColor+commonStyles.swift"; sourceTree = "<group>"; };
		795447D521A10FAD00AB281D /* UIFont+commonStyles.swift */ = {isa = PBXFileReference; lastKnownFileType = sourcecode.swift; path = "UIFont+commonStyles.swift"; sourceTree = "<group>"; };
		7955246721A34D4D0009C431 /* IconCollectionViewCell.swift */ = {isa = PBXFileReference; lastKnownFileType = sourcecode.swift; path = IconCollectionViewCell.swift; sourceTree = "<group>"; };
		7955246D21A357310009C431 /* IconSelectorViewController.swift */ = {isa = PBXFileReference; lastKnownFileType = sourcecode.swift; path = IconSelectorViewController.swift; sourceTree = "<group>"; };
		79594BA5217F72FB00A5C34C /* ReviewsCollectionViewController.swift */ = {isa = PBXFileReference; lastKnownFileType = sourcecode.swift; path = ReviewsCollectionViewController.swift; sourceTree = "<group>"; };
		79594BA7217FB87A00A5C34C /* ReviewWithCommentCollectionViewCell.swift */ = {isa = PBXFileReference; lastKnownFileType = sourcecode.swift; path = ReviewWithCommentCollectionViewCell.swift; sourceTree = "<group>"; };
		79594BA9217FBCDF00A5C34C /* ReviewCollectionViewCell.swift */ = {isa = PBXFileReference; lastKnownFileType = sourcecode.swift; path = ReviewCollectionViewCell.swift; sourceTree = "<group>"; };
		795B85A921A23C620021DF0E /* CreateReviewViewController.swift */ = {isa = PBXFileReference; lastKnownFileType = sourcecode.swift; path = CreateReviewViewController.swift; sourceTree = "<group>"; };
		795CE0FD217813D600311390 /* KeychainPasswordItem.swift */ = {isa = PBXFileReference; fileEncoding = 4; lastKnownFileType = sourcecode.swift; path = KeychainPasswordItem.swift; sourceTree = "<group>"; };
		795CE0FF2178144500311390 /* SessionService.swift */ = {isa = PBXFileReference; lastKnownFileType = sourcecode.swift; path = SessionService.swift; sourceTree = "<group>"; };
		795CE101217817E400311390 /* Token.swift */ = {isa = PBXFileReference; lastKnownFileType = sourcecode.swift; path = Token.swift; sourceTree = "<group>"; };
		795E719C2175796900E40F16 /* SearchTableViewController.swift */ = {isa = PBXFileReference; lastKnownFileType = sourcecode.swift; path = SearchTableViewController.swift; sourceTree = "<group>"; };
		795F25A221741E610022DFE2 /* UserTableViewCell.swift */ = {isa = PBXFileReference; lastKnownFileType = sourcecode.swift; path = UserTableViewCell.swift; sourceTree = "<group>"; };
		795F6E8321DBBF8600D6CF31 /* SettingButtonTableViewCell.swift */ = {isa = PBXFileReference; lastKnownFileType = sourcecode.swift; path = SettingButtonTableViewCell.swift; sourceTree = "<group>"; };
		795F6E8521DC3AA300D6CF31 /* UpdateEmailViewController.swift */ = {isa = PBXFileReference; lastKnownFileType = sourcecode.swift; path = UpdateEmailViewController.swift; sourceTree = "<group>"; };
		795F6E8721DC616C00D6CF31 /* UpdatePasswordViewController.swift */ = {isa = PBXFileReference; lastKnownFileType = sourcecode.swift; path = UpdatePasswordViewController.swift; sourceTree = "<group>"; };
		795FB69F224DA89400E81735 /* LoginViewController.swift */ = {isa = PBXFileReference; lastKnownFileType = sourcecode.swift; path = LoginViewController.swift; sourceTree = "<group>"; };
		7960649A217ACA6C009F2EEA /* KeyChainService.swift */ = {isa = PBXFileReference; lastKnownFileType = sourcecode.swift; path = KeyChainService.swift; sourceTree = "<group>"; };
		79629857225939850054A0CB /* ReviewStats.swift */ = {isa = PBXFileReference; lastKnownFileType = sourcecode.swift; path = ReviewStats.swift; sourceTree = "<group>"; };
		79639BF72183F02C00996DD9 /* String+Size.swift */ = {isa = PBXFileReference; lastKnownFileType = sourcecode.swift; path = "String+Size.swift"; sourceTree = "<group>"; };
		79647B6921AB0D5200C94ED6 /* Settings.swift */ = {isa = PBXFileReference; lastKnownFileType = sourcecode.swift; path = Settings.swift; sourceTree = "<group>"; };
		79647B6B21AB47D700C94ED6 /* SettingsInputTableViewCell.swift */ = {isa = PBXFileReference; lastKnownFileType = sourcecode.swift; path = SettingsInputTableViewCell.swift; sourceTree = "<group>"; };
		79647B6D21AB483000C94ED6 /* SettingTableViewCell.swift */ = {isa = PBXFileReference; lastKnownFileType = sourcecode.swift; path = SettingTableViewCell.swift; sourceTree = "<group>"; };
		79647B6F21AB635F00C94ED6 /* SettingSwitchTableViewCell.swift */ = {isa = PBXFileReference; lastKnownFileType = sourcecode.swift; path = SettingSwitchTableViewCell.swift; sourceTree = "<group>"; };
		79647B7121AB636D00C94ED6 /* SettingDetailTableViewCell.swift */ = {isa = PBXFileReference; lastKnownFileType = sourcecode.swift; path = SettingDetailTableViewCell.swift; sourceTree = "<group>"; };
		79647B7321AB638100C94ED6 /* SettingSegmentTableViewCell.swift */ = {isa = PBXFileReference; lastKnownFileType = sourcecode.swift; path = SettingSegmentTableViewCell.swift; sourceTree = "<group>"; };
		7966E7B121A65EA3000AFE2C /* EmojiTabButton.swift */ = {isa = PBXFileReference; lastKnownFileType = sourcecode.swift; path = EmojiTabButton.swift; sourceTree = "<group>"; };
		79690E27224C4B2B006892D9 /* TappableLabel.swift */ = {isa = PBXFileReference; lastKnownFileType = sourcecode.swift; path = TappableLabel.swift; sourceTree = "<group>"; };
		796BD1BD21B350E5008F1E5F /* ReviewReplyModalViewController.swift */ = {isa = PBXFileReference; lastKnownFileType = sourcecode.swift; path = ReviewReplyModalViewController.swift; sourceTree = "<group>"; };
		79734CCB21A8B663004AF5DD /* ReviewTableViewController.swift */ = {isa = PBXFileReference; lastKnownFileType = sourcecode.swift; path = ReviewTableViewController.swift; sourceTree = "<group>"; };
		79734CCD21A8D89B004AF5DD /* ReviewTableViewCell.swift */ = {isa = PBXFileReference; lastKnownFileType = sourcecode.swift; path = ReviewTableViewCell.swift; sourceTree = "<group>"; };
		79734CCF21A8D8E9004AF5DD /* ReviewStatsTableViewCell.swift */ = {isa = PBXFileReference; lastKnownFileType = sourcecode.swift; path = ReviewStatsTableViewCell.swift; sourceTree = "<group>"; };
		79734CD121A8D8F7004AF5DD /* ReviewActionsTableViewCell.swift */ = {isa = PBXFileReference; lastKnownFileType = sourcecode.swift; path = ReviewActionsTableViewCell.swift; sourceTree = "<group>"; };
		79734CD321A8D938004AF5DD /* ReviewReplyTableViewCell.swift */ = {isa = PBXFileReference; lastKnownFileType = sourcecode.swift; path = ReviewReplyTableViewCell.swift; sourceTree = "<group>"; };
		79734CD521A8FEDD004AF5DD /* ReviewReply.swift */ = {isa = PBXFileReference; lastKnownFileType = sourcecode.swift; path = ReviewReply.swift; sourceTree = "<group>"; };
		7981D8472255A3A900669977 /* BlockedAccountsTableViewController.swift */ = {isa = PBXFileReference; lastKnownFileType = sourcecode.swift; path = BlockedAccountsTableViewController.swift; sourceTree = "<group>"; };
		7994BFDA20608A9600D05B25 /* Revvr.app */ = {isa = PBXFileReference; explicitFileType = wrapper.application; includeInIndex = 0; path = Revvr.app; sourceTree = BUILT_PRODUCTS_DIR; };
		7994BFDD20608A9600D05B25 /* AppDelegate.swift */ = {isa = PBXFileReference; lastKnownFileType = sourcecode.swift; path = AppDelegate.swift; sourceTree = "<group>"; };
		7994BFE220608A9600D05B25 /* Base */ = {isa = PBXFileReference; lastKnownFileType = file.storyboard; name = Base; path = Base.lproj/Main.storyboard; sourceTree = "<group>"; };
		7994BFE520608A9600D05B25 /* Revvr.xcdatamodel */ = {isa = PBXFileReference; lastKnownFileType = wrapper.xcdatamodel; path = Revvr.xcdatamodel; sourceTree = "<group>"; };
		7994BFE720608A9600D05B25 /* Assets.xcassets */ = {isa = PBXFileReference; lastKnownFileType = folder.assetcatalog; path = Assets.xcassets; sourceTree = "<group>"; };
		7994BFEA20608A9600D05B25 /* Base */ = {isa = PBXFileReference; lastKnownFileType = file.storyboard; name = Base; path = Base.lproj/LaunchScreen.storyboard; sourceTree = "<group>"; };
		7994BFEC20608A9600D05B25 /* Info.plist */ = {isa = PBXFileReference; lastKnownFileType = text.plist.xml; path = Info.plist; sourceTree = "<group>"; };
		7994BFF120608A9600D05B25 /* RevvrTests.xctest */ = {isa = PBXFileReference; explicitFileType = wrapper.cfbundle; includeInIndex = 0; path = RevvrTests.xctest; sourceTree = BUILT_PRODUCTS_DIR; };
		7994BFF520608A9600D05B25 /* RevvrTests.swift */ = {isa = PBXFileReference; lastKnownFileType = sourcecode.swift; path = RevvrTests.swift; sourceTree = "<group>"; };
		7994BFF720608A9600D05B25 /* Info.plist */ = {isa = PBXFileReference; lastKnownFileType = text.plist.xml; path = Info.plist; sourceTree = "<group>"; };
		7994BFFC20608A9600D05B25 /* RevvrUITests.xctest */ = {isa = PBXFileReference; explicitFileType = wrapper.cfbundle; includeInIndex = 0; path = RevvrUITests.xctest; sourceTree = BUILT_PRODUCTS_DIR; };
		7994C00020608A9600D05B25 /* RevvrUITests.swift */ = {isa = PBXFileReference; lastKnownFileType = sourcecode.swift; path = RevvrUITests.swift; sourceTree = "<group>"; };
		7994C00220608A9600D05B25 /* Info.plist */ = {isa = PBXFileReference; lastKnownFileType = text.plist.xml; path = Info.plist; sourceTree = "<group>"; };
		799C004D21128F04001BF07D /* APIService.swift */ = {isa = PBXFileReference; lastKnownFileType = sourcecode.swift; path = APIService.swift; sourceTree = "<group>"; };
		799C005021128F32001BF07D /* AppUserAPIService.swift */ = {isa = PBXFileReference; lastKnownFileType = sourcecode.swift; path = AppUserAPIService.swift; sourceTree = "<group>"; };
		799C140B21A9B2A2001ABFC2 /* AttributedString+UserDetails.swift */ = {isa = PBXFileReference; lastKnownFileType = sourcecode.swift; path = "AttributedString+UserDetails.swift"; sourceTree = "<group>"; };
		799C140D21A9CB6B001ABFC2 /* Date+Format.swift */ = {isa = PBXFileReference; lastKnownFileType = sourcecode.swift; path = "Date+Format.swift"; sourceTree = "<group>"; };
		799C140F21A9CC3A001ABFC2 /* ReviewableModelTests.swift */ = {isa = PBXFileReference; lastKnownFileType = sourcecode.swift; path = ReviewableModelTests.swift; sourceTree = "<group>"; };
		799C141121A9CC45001ABFC2 /* ReviewModelTests.swift */ = {isa = PBXFileReference; lastKnownFileType = sourcecode.swift; path = ReviewModelTests.swift; sourceTree = "<group>"; };
		799C141521A9DD64001ABFC2 /* SettingsTableViewController.swift */ = {isa = PBXFileReference; lastKnownFileType = sourcecode.swift; path = SettingsTableViewController.swift; sourceTree = "<group>"; };
		79AF8E8121D848CE0085974F /* settings.json */ = {isa = PBXFileReference; lastKnownFileType = text.json; path = settings.json; sourceTree = "<group>"; };
		79B48BBB211509E200AB5415 /* AppUser.swift */ = {isa = PBXFileReference; lastKnownFileType = sourcecode.swift; path = AppUser.swift; sourceTree = "<group>"; };
		79B48BBD211509FF00AB5415 /* Review.swift */ = {isa = PBXFileReference; lastKnownFileType = sourcecode.swift; path = Review.swift; sourceTree = "<group>"; };
		79B48BBF21150A1B00AB5415 /* Reviewable.swift */ = {isa = PBXFileReference; lastKnownFileType = sourcecode.swift; path = Reviewable.swift; sourceTree = "<group>"; };
		79B48BC121150C3100AB5415 /* ReviewableAPIService.swift */ = {isa = PBXFileReference; lastKnownFileType = sourcecode.swift; path = ReviewableAPIService.swift; sourceTree = "<group>"; };
		79B48BC321150C5A00AB5415 /* ReviewAPIService.swift */ = {isa = PBXFileReference; lastKnownFileType = sourcecode.swift; path = ReviewAPIService.swift; sourceTree = "<group>"; };
		79B48BC521150E5200AB5415 /* AppUserContent.swift */ = {isa = PBXFileReference; lastKnownFileType = sourcecode.swift; path = AppUserContent.swift; sourceTree = "<group>"; };
		79B48BCA21150EAB00AB5415 /* ReviewableContent.swift */ = {isa = PBXFileReference; lastKnownFileType = sourcecode.swift; path = ReviewableContent.swift; sourceTree = "<group>"; };
		79B48BCC21150EC200AB5415 /* AppUserSettings.swift */ = {isa = PBXFileReference; lastKnownFileType = sourcecode.swift; path = AppUserSettings.swift; sourceTree = "<group>"; };
		79B48BCE21150EFB00AB5415 /* ReviewableInfo.swift */ = {isa = PBXFileReference; lastKnownFileType = sourcecode.swift; path = ReviewableInfo.swift; sourceTree = "<group>"; };
		79C07EAD2121BC1F00B7D024 /* ReviewLike.swift */ = {isa = PBXFileReference; lastKnownFileType = sourcecode.swift; path = ReviewLike.swift; sourceTree = "<group>"; };
		79D48149218A172A001AEB95 /* ReviewableWithReviewsCollectionViewController.swift */ = {isa = PBXFileReference; lastKnownFileType = sourcecode.swift; path = ReviewableWithReviewsCollectionViewController.swift; sourceTree = "<group>"; };
		79D4814B218A187A001AEB95 /* ReviewableCollectionReusableView.swift */ = {isa = PBXFileReference; lastKnownFileType = sourcecode.swift; path = ReviewableCollectionReusableView.swift; sourceTree = "<group>"; };
		79D4814F218A5F4A001AEB95 /* MainTabbarViewController.swift */ = {isa = PBXFileReference; lastKnownFileType = sourcecode.swift; path = MainTabbarViewController.swift; sourceTree = "<group>"; };
		79F1E03E21CF1F7700B46E75 /* ScannerViewController.swift */ = {isa = PBXFileReference; lastKnownFileType = sourcecode.swift; path = ScannerViewController.swift; sourceTree = "<group>"; };
		80FF82895DB7AC9B7F0D7938 /* Pods-Revvr.debug.xcconfig */ = {isa = PBXFileReference; includeInIndex = 1; lastKnownFileType = text.xcconfig; name = "Pods-Revvr.debug.xcconfig"; path = "Pods/Target Support Files/Pods-Revvr/Pods-Revvr.debug.xcconfig"; sourceTree = "<group>"; };
		83689F9E1F249FC5295F03C7 /* Pods-RevvrTests.debug.xcconfig */ = {isa = PBXFileReference; includeInIndex = 1; lastKnownFileType = text.xcconfig; name = "Pods-RevvrTests.debug.xcconfig"; path = "Pods/Target Support Files/Pods-RevvrTests/Pods-RevvrTests.debug.xcconfig"; sourceTree = "<group>"; };
		AF466C5C824EFFDF63B56756 /* Pods_Revvr.framework */ = {isa = PBXFileReference; explicitFileType = wrapper.framework; includeInIndex = 0; path = Pods_Revvr.framework; sourceTree = BUILT_PRODUCTS_DIR; };
		DE6DCE84E90948C214DBB473 /* Pods-RevvrTests.release.xcconfig */ = {isa = PBXFileReference; includeInIndex = 1; lastKnownFileType = text.xcconfig; name = "Pods-RevvrTests.release.xcconfig"; path = "Pods/Target Support Files/Pods-RevvrTests/Pods-RevvrTests.release.xcconfig"; sourceTree = "<group>"; };
		E6E9D931E19714A811F984E9 /* Pods_RevvrUITests.framework */ = {isa = PBXFileReference; explicitFileType = wrapper.framework; includeInIndex = 0; path = Pods_RevvrUITests.framework; sourceTree = BUILT_PRODUCTS_DIR; };
		F596A50B021DA6DBB7E55AC9 /* Pods-RevvrUITests.debug.xcconfig */ = {isa = PBXFileReference; includeInIndex = 1; lastKnownFileType = text.xcconfig; name = "Pods-RevvrUITests.debug.xcconfig"; path = "Pods/Target Support Files/Pods-RevvrUITests/Pods-RevvrUITests.debug.xcconfig"; sourceTree = "<group>"; };
/* End PBXFileReference section */

/* Begin PBXFrameworksBuildPhase section */
		7994BFD720608A9600D05B25 /* Frameworks */ = {
			isa = PBXFrameworksBuildPhase;
			buildActionMask = 2147483647;
			files = (
				F173A3B93CF76264ABB3EFE1 /* Pods_Revvr.framework in Frameworks */,
			);
			runOnlyForDeploymentPostprocessing = 0;
		};
		7994BFEE20608A9600D05B25 /* Frameworks */ = {
			isa = PBXFrameworksBuildPhase;
			buildActionMask = 2147483647;
			files = (
				8A556A4E41C57697223E17B5 /* Pods_RevvrTests.framework in Frameworks */,
			);
			runOnlyForDeploymentPostprocessing = 0;
		};
		7994BFF920608A9600D05B25 /* Frameworks */ = {
			isa = PBXFrameworksBuildPhase;
			buildActionMask = 2147483647;
			files = (
				A5D798BB729D688B6A4F799F /* Pods_RevvrUITests.framework in Frameworks */,
			);
			runOnlyForDeploymentPostprocessing = 0;
		};
/* End PBXFrameworksBuildPhase section */

/* Begin PBXGroup section */
		1C3A62EDDF4915B9E1BAC39A /* Frameworks */ = {
			isa = PBXGroup;
			children = (
				AF466C5C824EFFDF63B56756 /* Pods_Revvr.framework */,
				563D02650801DFCE8B495E64 /* Pods_RevvrTests.framework */,
				E6E9D931E19714A811F984E9 /* Pods_RevvrUITests.framework */,
			);
			name = Frameworks;
			sourceTree = "<group>";
		};
		790B5AA3217967EE00A88A0D /* Apple */ = {
			isa = PBXGroup;
			children = (
				795CE0FD217813D600311390 /* KeychainPasswordItem.swift */,
				790B5AA1217967E400A88A0D /* LICENSE.txt */,
			);
			path = Apple;
			sourceTree = "<group>";
		};
		795CE0FC2178123E00311390 /* Vendor */ = {
			isa = PBXGroup;
			children = (
				790B5AA3217967EE00A88A0D /* Apple */,
			);
			path = Vendor;
			sourceTree = "<group>";
		};
		795EAB962172E33D00BB35F7 /* Views */ = {
			isa = PBXGroup;
			children = (
				795F6E8021DBBEA300D6CF31 /* Cells */,
				79D4814B218A187A001AEB95 /* ReviewableCollectionReusableView.swift */,
				795239D12188080C004FEB82 /* UserCollectionReusableView.swift */,
				7966E7B121A65EA3000AFE2C /* EmojiTabButton.swift */,
				79690E27224C4B2B006892D9 /* TappableLabel.swift */,
			);
			path = Views;
			sourceTree = "<group>";
		};
		795F6E8021DBBEA300D6CF31 /* Cells */ = {
			isa = PBXGroup;
			children = (
				795F6E8221DBBEE600D6CF31 /* CollectionViewCells */,
				795F6E8121DBBEB600D6CF31 /* TableViewCells */,
			);
			path = Cells;
			sourceTree = "<group>";
		};
		795F6E8121DBBEB600D6CF31 /* TableViewCells */ = {
			isa = PBXGroup;
			children = (
				795F25A221741E610022DFE2 /* UserTableViewCell.swift */,
				792922F4218949FD00EB5C2D /* ReviewableTableViewCell.swift */,
				792922F82189501100EB5C2D /* ModelTableViewCell.swift */,
				79734CCD21A8D89B004AF5DD /* ReviewTableViewCell.swift */,
				79734CD121A8D8F7004AF5DD /* ReviewActionsTableViewCell.swift */,
				79734CCF21A8D8E9004AF5DD /* ReviewStatsTableViewCell.swift */,
				79734CD321A8D938004AF5DD /* ReviewReplyTableViewCell.swift */,
				79647B6B21AB47D700C94ED6 /* SettingsInputTableViewCell.swift */,
				79647B6F21AB635F00C94ED6 /* SettingSwitchTableViewCell.swift */,
				79647B7121AB636D00C94ED6 /* SettingDetailTableViewCell.swift */,
				79647B7321AB638100C94ED6 /* SettingSegmentTableViewCell.swift */,
				79647B6D21AB483000C94ED6 /* SettingTableViewCell.swift */,
				793031B421C72C6E00D4ABE6 /* FollowingTableViewCell.swift */,
				795F6E8321DBBF8600D6CF31 /* SettingButtonTableViewCell.swift */,
			);
			path = TableViewCells;
			sourceTree = "<group>";
		};
		795F6E8221DBBEE600D6CF31 /* CollectionViewCells */ = {
			isa = PBXGroup;
			children = (
				79594BA7217FB87A00A5C34C /* ReviewWithCommentCollectionViewCell.swift */,
				795239CF2187FF68004FEB82 /* ReviewWithCommentCollectionViewCell.xib */,
				79594BA9217FBCDF00A5C34C /* ReviewCollectionViewCell.swift */,
				795239CD2187FB9D004FEB82 /* ReviewCollectionViewCell.xib */,
				7955246721A34D4D0009C431 /* IconCollectionViewCell.swift */,
			);
			path = CollectionViewCells;
			sourceTree = "<group>";
		};
		79639BF62183EFFD00996DD9 /* Extensions */ = {
			isa = PBXGroup;
			children = (
				79639BF72183F02C00996DD9 /* String+Size.swift */,
				7906A279219FBB4C006CC94C /* Image+Url.swift */,
				7922D54521A07E6400C73816 /* Image+Blur.swift */,
				795447D321A10F7F00AB281D /* UIColor+commonStyles.swift */,
				795447D521A10FAD00AB281D /* UIFont+commonStyles.swift */,
				799C140B21A9B2A2001ABFC2 /* AttributedString+UserDetails.swift */,
				799C140D21A9CB6B001ABFC2 /* Date+Format.swift */,
			);
			path = Extensions;
			sourceTree = "<group>";
		};
		7994BFD120608A9500D05B25 = {
			isa = PBXGroup;
			children = (
				7994BFDC20608A9600D05B25 /* Revvr */,
				7994BFF420608A9600D05B25 /* RevvrTests */,
				7994BFFF20608A9600D05B25 /* RevvrUITests */,
				7994BFDB20608A9600D05B25 /* Products */,
				7D3656E28DEA0F0B76331FD7 /* Pods */,
				1C3A62EDDF4915B9E1BAC39A /* Frameworks */,
			);
			sourceTree = "<group>";
		};
		7994BFDB20608A9600D05B25 /* Products */ = {
			isa = PBXGroup;
			children = (
				7994BFDA20608A9600D05B25 /* Revvr.app */,
				7994BFF120608A9600D05B25 /* RevvrTests.xctest */,
				7994BFFC20608A9600D05B25 /* RevvrUITests.xctest */,
			);
			name = Products;
			sourceTree = "<group>";
		};
		7994BFDC20608A9600D05B25 /* Revvr */ = {
			isa = PBXGroup;
			children = (
				79639BF62183EFFD00996DD9 /* Extensions */,
				795CE0FC2178123E00311390 /* Vendor */,
				795EAB962172E33D00BB35F7 /* Views */,
				79B48BBA211509BD00AB5415 /* Models */,
				799C004C21128EB6001BF07D /* Services */,
				79B3E373210FEF4500CD73EB /* ViewControllers */,
				7994BFDD20608A9600D05B25 /* AppDelegate.swift */,
				7994BFE120608A9600D05B25 /* Main.storyboard */,
				7994BFE720608A9600D05B25 /* Assets.xcassets */,
				7994BFE920608A9600D05B25 /* LaunchScreen.storyboard */,
				7994BFEC20608A9600D05B25 /* Info.plist */,
				79AF8E8121D848CE0085974F /* settings.json */,
				7994BFE420608A9600D05B25 /* Revvr.xcdatamodeld */,
			);
			path = Revvr;
			sourceTree = "<group>";
		};
		7994BFF420608A9600D05B25 /* RevvrTests */ = {
			isa = PBXGroup;
			children = (
				7994BFF520608A9600D05B25 /* RevvrTests.swift */,
				79085990216DA3D900E16AD1 /* AppUserModelTests.swift */,
				7994BFF720608A9600D05B25 /* Info.plist */,
				799C140F21A9CC3A001ABFC2 /* ReviewableModelTests.swift */,
				799C141121A9CC45001ABFC2 /* ReviewModelTests.swift */,
			);
			path = RevvrTests;
			sourceTree = "<group>";
		};
		7994BFFF20608A9600D05B25 /* RevvrUITests */ = {
			isa = PBXGroup;
			children = (
				7994C00020608A9600D05B25 /* RevvrUITests.swift */,
				7994C00220608A9600D05B25 /* Info.plist */,
			);
			path = RevvrUITests;
			sourceTree = "<group>";
		};
		799C004C21128EB6001BF07D /* Services */ = {
			isa = PBXGroup;
			children = (
				799C004D21128F04001BF07D /* APIService.swift */,
				799C005021128F32001BF07D /* AppUserAPIService.swift */,
				79B48BC121150C3100AB5415 /* ReviewableAPIService.swift */,
				79B48BC321150C5A00AB5415 /* ReviewAPIService.swift */,
				795CE0FF2178144500311390 /* SessionService.swift */,
				7960649A217ACA6C009F2EEA /* KeyChainService.swift */,
			);
			path = Services;
			sourceTree = "<group>";
		};
		79B3E373210FEF4500CD73EB /* ViewControllers */ = {
			isa = PBXGroup;
			children = (
				795E719C2175796900E40F16 /* SearchTableViewController.swift */,
				79D4814F218A5F4A001AEB95 /* MainTabbarViewController.swift */,
				79594BA5217F72FB00A5C34C /* ReviewsCollectionViewController.swift */,
				794FCC1B2186B5EA009B614A /* UserWithReviewsCollectionViewController.swift */,
				795239C72187C652004FEB82 /* ReviewsOnlyCollectionViewController.swift */,
				79D48149218A172A001AEB95 /* ReviewableWithReviewsCollectionViewController.swift */,
				795B85A921A23C620021DF0E /* CreateReviewViewController.swift */,
				7955246D21A357310009C431 /* IconSelectorViewController.swift */,
				79734CCB21A8B663004AF5DD /* ReviewTableViewController.swift */,
				799C141521A9DD64001ABFC2 /* SettingsTableViewController.swift */,
				796BD1BD21B350E5008F1E5F /* ReviewReplyModalViewController.swift */,
				793031B221C72A2F00D4ABE6 /* FollowingsTableViewController.swift */,
				79F1E03E21CF1F7700B46E75 /* ScannerViewController.swift */,
				795F6E8521DC3AA300D6CF31 /* UpdateEmailViewController.swift */,
				795F6E8721DC616C00D6CF31 /* UpdatePasswordViewController.swift */,
				795FB69F224DA89400E81735 /* LoginViewController.swift */,
				793CC071224F162D00DB48E1 /* SignUpViewController.swift */,
				7981D8472255A3A900669977 /* BlockedAccountsTableViewController.swift */,
			);
			path = ViewControllers;
			sourceTree = "<group>";
		};
		79B48BBA211509BD00AB5415 /* Models */ = {
			isa = PBXGroup;
			children = (
				79B48BC721150E5A00AB5415 /* JSONObjects */,
				79B48BBB211509E200AB5415 /* AppUser.swift */,
				790D9C2B211F75D500BB8CC1 /* AppUserFollowing.swift */,
				79B48BBD211509FF00AB5415 /* Review.swift */,
				79C07EAD2121BC1F00B7D024 /* ReviewLike.swift */,
				79B48BBF21150A1B00AB5415 /* Reviewable.swift */,
				795CE101217817E400311390 /* Token.swift */,
				79734CD521A8FEDD004AF5DD /* ReviewReply.swift */,
				79647B6921AB0D5200C94ED6 /* Settings.swift */,
				793031B021C71D2900D4ABE6 /* AppUserStats.swift */,
				791E0D2D21D986D3000240DC /* AppUserBlocking.swift */,
				79629857225939850054A0CB /* ReviewStats.swift */,
			);
			path = Models;
			sourceTree = "<group>";
		};
		79B48BC721150E5A00AB5415 /* JSONObjects */ = {
			isa = PBXGroup;
			children = (
				79B48BC521150E5200AB5415 /* AppUserContent.swift */,
				79B48BCC21150EC200AB5415 /* AppUserSettings.swift */,
				79B48BCA21150EAB00AB5415 /* ReviewableContent.swift */,
				79B48BCE21150EFB00AB5415 /* ReviewableInfo.swift */,
			);
			path = JSONObjects;
			sourceTree = "<group>";
		};
		7D3656E28DEA0F0B76331FD7 /* Pods */ = {
			isa = PBXGroup;
			children = (
				80FF82895DB7AC9B7F0D7938 /* Pods-Revvr.debug.xcconfig */,
				339CFAFFB37B129947BEB4B6 /* Pods-Revvr.release.xcconfig */,
				83689F9E1F249FC5295F03C7 /* Pods-RevvrTests.debug.xcconfig */,
				DE6DCE84E90948C214DBB473 /* Pods-RevvrTests.release.xcconfig */,
				F596A50B021DA6DBB7E55AC9 /* Pods-RevvrUITests.debug.xcconfig */,
				55D193159E258AA569254070 /* Pods-RevvrUITests.release.xcconfig */,
			);
			name = Pods;
			sourceTree = "<group>";
		};
/* End PBXGroup section */

/* Begin PBXNativeTarget section */
		7994BFD920608A9600D05B25 /* Revvr */ = {
			isa = PBXNativeTarget;
			buildConfigurationList = 7994C00520608A9600D05B25 /* Build configuration list for PBXNativeTarget "Revvr" */;
			buildPhases = (
				C3CEB39A98A0AFAC47342E3D /* [CP] Check Pods Manifest.lock */,
				7994BFD620608A9600D05B25 /* Sources */,
				7994BFD720608A9600D05B25 /* Frameworks */,
				7994BFD820608A9600D05B25 /* Resources */,
				F042C0FADCE60DE16B874F62 /* [CP] Embed Pods Frameworks */,
			);
			buildRules = (
			);
			dependencies = (
			);
			name = Revvr;
			productName = Revvr;
			productReference = 7994BFDA20608A9600D05B25 /* Revvr.app */;
			productType = "com.apple.product-type.application";
		};
		7994BFF020608A9600D05B25 /* RevvrTests */ = {
			isa = PBXNativeTarget;
			buildConfigurationList = 7994C00820608A9600D05B25 /* Build configuration list for PBXNativeTarget "RevvrTests" */;
			buildPhases = (
				05E9E9F4135A0714717B0808 /* [CP] Check Pods Manifest.lock */,
				7994BFED20608A9600D05B25 /* Sources */,
				7994BFEE20608A9600D05B25 /* Frameworks */,
				7994BFEF20608A9600D05B25 /* Resources */,
			);
			buildRules = (
			);
			dependencies = (
				7994BFF320608A9600D05B25 /* PBXTargetDependency */,
			);
			name = RevvrTests;
			productName = RevvrTests;
			productReference = 7994BFF120608A9600D05B25 /* RevvrTests.xctest */;
			productType = "com.apple.product-type.bundle.unit-test";
		};
		7994BFFB20608A9600D05B25 /* RevvrUITests */ = {
			isa = PBXNativeTarget;
			buildConfigurationList = 7994C00B20608A9600D05B25 /* Build configuration list for PBXNativeTarget "RevvrUITests" */;
			buildPhases = (
				B845AB2526C34C34A8F42E88 /* [CP] Check Pods Manifest.lock */,
				7994BFF820608A9600D05B25 /* Sources */,
				7994BFF920608A9600D05B25 /* Frameworks */,
				7994BFFA20608A9600D05B25 /* Resources */,
			);
			buildRules = (
			);
			dependencies = (
				7994BFFE20608A9600D05B25 /* PBXTargetDependency */,
			);
			name = RevvrUITests;
			productName = RevvrUITests;
			productReference = 7994BFFC20608A9600D05B25 /* RevvrUITests.xctest */;
			productType = "com.apple.product-type.bundle.ui-testing";
		};
/* End PBXNativeTarget section */

/* Begin PBXProject section */
		7994BFD220608A9500D05B25 /* Project object */ = {
			isa = PBXProject;
			attributes = {
				LastSwiftUpdateCheck = 0920;
				LastUpgradeCheck = 0920;
				ORGANIZATIONNAME = "Benjamin Wishart";
				TargetAttributes = {
					7994BFD920608A9600D05B25 = {
						CreatedOnToolsVersion = 9.2;
						ProvisioningStyle = Automatic;
					};
					7994BFF020608A9600D05B25 = {
						CreatedOnToolsVersion = 9.2;
						ProvisioningStyle = Automatic;
						TestTargetID = 7994BFD920608A9600D05B25;
					};
					7994BFFB20608A9600D05B25 = {
						CreatedOnToolsVersion = 9.2;
						ProvisioningStyle = Automatic;
						TestTargetID = 7994BFD920608A9600D05B25;
					};
				};
			};
			buildConfigurationList = 7994BFD520608A9500D05B25 /* Build configuration list for PBXProject "Revvr" */;
			compatibilityVersion = "Xcode 8.0";
			developmentRegion = en;
			hasScannedForEncodings = 0;
			knownRegions = (
				en,
				Base,
			);
			mainGroup = 7994BFD120608A9500D05B25;
			productRefGroup = 7994BFDB20608A9600D05B25 /* Products */;
			projectDirPath = "";
			projectRoot = "";
			targets = (
				7994BFD920608A9600D05B25 /* Revvr */,
				7994BFF020608A9600D05B25 /* RevvrTests */,
				7994BFFB20608A9600D05B25 /* RevvrUITests */,
			);
		};
/* End PBXProject section */

/* Begin PBXResourcesBuildPhase section */
		7994BFD820608A9600D05B25 /* Resources */ = {
			isa = PBXResourcesBuildPhase;
			buildActionMask = 2147483647;
			files = (
				790B5AA2217967E400A88A0D /* LICENSE.txt in Resources */,
				7994BFEB20608A9600D05B25 /* LaunchScreen.storyboard in Resources */,
				7994BFE820608A9600D05B25 /* Assets.xcassets in Resources */,
				79AF8E8221D848CE0085974F /* settings.json in Resources */,
				7994BFE320608A9600D05B25 /* Main.storyboard in Resources */,
				795239D02187FF68004FEB82 /* ReviewWithCommentCollectionViewCell.xib in Resources */,
				795239CE2187FB9D004FEB82 /* ReviewCollectionViewCell.xib in Resources */,
			);
			runOnlyForDeploymentPostprocessing = 0;
		};
		7994BFEF20608A9600D05B25 /* Resources */ = {
			isa = PBXResourcesBuildPhase;
			buildActionMask = 2147483647;
			files = (
			);
			runOnlyForDeploymentPostprocessing = 0;
		};
		7994BFFA20608A9600D05B25 /* Resources */ = {
			isa = PBXResourcesBuildPhase;
			buildActionMask = 2147483647;
			files = (
			);
			runOnlyForDeploymentPostprocessing = 0;
		};
/* End PBXResourcesBuildPhase section */

/* Begin PBXShellScriptBuildPhase section */
		05E9E9F4135A0714717B0808 /* [CP] Check Pods Manifest.lock */ = {
			isa = PBXShellScriptBuildPhase;
			buildActionMask = 2147483647;
			files = (
			);
			inputPaths = (
				"${PODS_PODFILE_DIR_PATH}/Podfile.lock",
				"${PODS_ROOT}/Manifest.lock",
			);
			name = "[CP] Check Pods Manifest.lock";
			outputPaths = (
				"$(DERIVED_FILE_DIR)/Pods-RevvrTests-checkManifestLockResult.txt",
			);
			runOnlyForDeploymentPostprocessing = 0;
			shellPath = /bin/sh;
			shellScript = "diff \"${PODS_PODFILE_DIR_PATH}/Podfile.lock\" \"${PODS_ROOT}/Manifest.lock\" > /dev/null\nif [ $? != 0 ] ; then\n    # print error to STDERR\n    echo \"error: The sandbox is not in sync with the Podfile.lock. Run 'pod install' or update your CocoaPods installation.\" >&2\n    exit 1\nfi\n# This output is used by Xcode 'outputs' to avoid re-running this script phase.\necho \"SUCCESS\" > \"${SCRIPT_OUTPUT_FILE_0}\"\n";
			showEnvVarsInLog = 0;
		};
		B845AB2526C34C34A8F42E88 /* [CP] Check Pods Manifest.lock */ = {
			isa = PBXShellScriptBuildPhase;
			buildActionMask = 2147483647;
			files = (
			);
			inputPaths = (
				"${PODS_PODFILE_DIR_PATH}/Podfile.lock",
				"${PODS_ROOT}/Manifest.lock",
			);
			name = "[CP] Check Pods Manifest.lock";
			outputPaths = (
				"$(DERIVED_FILE_DIR)/Pods-RevvrUITests-checkManifestLockResult.txt",
			);
			runOnlyForDeploymentPostprocessing = 0;
			shellPath = /bin/sh;
			shellScript = "diff \"${PODS_PODFILE_DIR_PATH}/Podfile.lock\" \"${PODS_ROOT}/Manifest.lock\" > /dev/null\nif [ $? != 0 ] ; then\n    # print error to STDERR\n    echo \"error: The sandbox is not in sync with the Podfile.lock. Run 'pod install' or update your CocoaPods installation.\" >&2\n    exit 1\nfi\n# This output is used by Xcode 'outputs' to avoid re-running this script phase.\necho \"SUCCESS\" > \"${SCRIPT_OUTPUT_FILE_0}\"\n";
			showEnvVarsInLog = 0;
		};
		C3CEB39A98A0AFAC47342E3D /* [CP] Check Pods Manifest.lock */ = {
			isa = PBXShellScriptBuildPhase;
			buildActionMask = 2147483647;
			files = (
			);
			inputPaths = (
				"${PODS_PODFILE_DIR_PATH}/Podfile.lock",
				"${PODS_ROOT}/Manifest.lock",
			);
			name = "[CP] Check Pods Manifest.lock";
			outputPaths = (
				"$(DERIVED_FILE_DIR)/Pods-Revvr-checkManifestLockResult.txt",
			);
			runOnlyForDeploymentPostprocessing = 0;
			shellPath = /bin/sh;
			shellScript = "diff \"${PODS_PODFILE_DIR_PATH}/Podfile.lock\" \"${PODS_ROOT}/Manifest.lock\" > /dev/null\nif [ $? != 0 ] ; then\n    # print error to STDERR\n    echo \"error: The sandbox is not in sync with the Podfile.lock. Run 'pod install' or update your CocoaPods installation.\" >&2\n    exit 1\nfi\n# This output is used by Xcode 'outputs' to avoid re-running this script phase.\necho \"SUCCESS\" > \"${SCRIPT_OUTPUT_FILE_0}\"\n";
			showEnvVarsInLog = 0;
		};
		F042C0FADCE60DE16B874F62 /* [CP] Embed Pods Frameworks */ = {
			isa = PBXShellScriptBuildPhase;
			buildActionMask = 2147483647;
			files = (
			);
			inputPaths = (
				"${SRCROOT}/Pods/Target Support Files/Pods-Revvr/Pods-Revvr-frameworks.sh",
				"${BUILT_PRODUCTS_DIR}/PromisesObjC/FBLPromises.framework",
				"${BUILT_PRODUCTS_DIR}/PromisesSwift/Promises.framework",
			);
			name = "[CP] Embed Pods Frameworks";
			outputPaths = (
				"${TARGET_BUILD_DIR}/${FRAMEWORKS_FOLDER_PATH}/FBLPromises.framework",
				"${TARGET_BUILD_DIR}/${FRAMEWORKS_FOLDER_PATH}/Promises.framework",
			);
			runOnlyForDeploymentPostprocessing = 0;
			shellPath = /bin/sh;
			shellScript = "\"${SRCROOT}/Pods/Target Support Files/Pods-Revvr/Pods-Revvr-frameworks.sh\"\n";
			showEnvVarsInLog = 0;
		};
/* End PBXShellScriptBuildPhase section */

/* Begin PBXSourcesBuildPhase section */
		7994BFD620608A9600D05B25 /* Sources */ = {
			isa = PBXSourcesBuildPhase;
			buildActionMask = 2147483647;
			files = (
				79D4814A218A172A001AEB95 /* ReviewableWithReviewsCollectionViewController.swift in Sources */,
				79647B7021AB635F00C94ED6 /* SettingSwitchTableViewCell.swift in Sources */,
				79647B6A21AB0D5200C94ED6 /* Settings.swift in Sources */,
				79647B7421AB638100C94ED6 /* SettingSegmentTableViewCell.swift in Sources */,
				7922D54621A07E6400C73816 /* Image+Blur.swift in Sources */,
				793CC072224F162D00DB48E1 /* SignUpViewController.swift in Sources */,
				792922F5218949FD00EB5C2D /* ReviewableTableViewCell.swift in Sources */,
				79647B7221AB636D00C94ED6 /* SettingDetailTableViewCell.swift in Sources */,
				79B48BBC211509E200AB5415 /* AppUser.swift in Sources */,
				7955246921A34D4D0009C431 /* IconCollectionViewCell.swift in Sources */,
				79B48BCD21150EC200AB5415 /* AppUserSettings.swift in Sources */,
				795CE1002178144500311390 /* SessionService.swift in Sources */,
				7994BFE620608A9600D05B25 /* Revvr.xcdatamodeld in Sources */,
				795B85AA21A23C630021DF0E /* CreateReviewViewController.swift in Sources */,
				79734CD221A8D8F7004AF5DD /* ReviewActionsTableViewCell.swift in Sources */,
				79F1E03F21CF1F7700B46E75 /* ScannerViewController.swift in Sources */,
				79647B6E21AB483000C94ED6 /* SettingTableViewCell.swift in Sources */,
				79B48BBE211509FF00AB5415 /* Review.swift in Sources */,
				793031B321C72A2F00D4ABE6 /* FollowingsTableViewController.swift in Sources */,
				796BD1BE21B350E5008F1E5F /* ReviewReplyModalViewController.swift in Sources */,
				79690E28224C4B2B006892D9 /* TappableLabel.swift in Sources */,
				79734CD421A8D938004AF5DD /* ReviewReplyTableViewCell.swift in Sources */,
				79C07EAE2121BC1F00B7D024 /* ReviewLike.swift in Sources */,
				7981D8482255A3A900669977 /* BlockedAccountsTableViewController.swift in Sources */,
				799C004E21128F04001BF07D /* APIService.swift in Sources */,
				795239D22188080C004FEB82 /* UserCollectionReusableView.swift in Sources */,
				79B48BC021150A1B00AB5415 /* Reviewable.swift in Sources */,
				79B48BC421150C5A00AB5415 /* ReviewAPIService.swift in Sources */,
				79B48BC221150C3100AB5415 /* ReviewableAPIService.swift in Sources */,
				79629858225939850054A0CB /* ReviewStats.swift in Sources */,
				793031B521C72C6E00D4ABE6 /* FollowingTableViewCell.swift in Sources */,
				79734CCE21A8D89B004AF5DD /* ReviewTableViewCell.swift in Sources */,
				795F25A421741E610022DFE2 /* UserTableViewCell.swift in Sources */,
				7966E7B221A65EA3000AFE2C /* EmojiTabButton.swift in Sources */,
				795447D421A10F7F00AB281D /* UIColor+commonStyles.swift in Sources */,
				795F6E8821DC616C00D6CF31 /* UpdatePasswordViewController.swift in Sources */,
				799C141621A9DD64001ABFC2 /* SettingsTableViewController.swift in Sources */,
				795CE102217817E400311390 /* Token.swift in Sources */,
				79B48BCB21150EAB00AB5415 /* ReviewableContent.swift in Sources */,
				794FCC1C2186B5EA009B614A /* UserWithReviewsCollectionViewController.swift in Sources */,
				793031B121C71D2900D4ABE6 /* AppUserStats.swift in Sources */,
				79734CD021A8D8E9004AF5DD /* ReviewStatsTableViewCell.swift in Sources */,
				79D4814C218A187A001AEB95 /* ReviewableCollectionReusableView.swift in Sources */,
				791E0D2E21D986D3000240DC /* AppUserBlocking.swift in Sources */,
				7960649B217ACA6C009F2EEA /* KeyChainService.swift in Sources */,
				79594BA8217FB87A00A5C34C /* ReviewWithCommentCollectionViewCell.swift in Sources */,
				79594BAA217FBCDF00A5C34C /* ReviewCollectionViewCell.swift in Sources */,
				799C140C21A9B2A2001ABFC2 /* AttributedString+UserDetails.swift in Sources */,
				7955246E21A357310009C431 /* IconSelectorViewController.swift in Sources */,
				792922F92189501100EB5C2D /* ModelTableViewCell.swift in Sources */,
				795F6E8621DC3AA300D6CF31 /* UpdateEmailViewController.swift in Sources */,
				795239C82187C652004FEB82 /* ReviewsOnlyCollectionViewController.swift in Sources */,
				7994BFDE20608A9600D05B25 /* AppDelegate.swift in Sources */,
				795F6E8421DBBF8600D6CF31 /* SettingButtonTableViewCell.swift in Sources */,
				790D9C2C211F75D500BB8CC1 /* AppUserFollowing.swift in Sources */,
				79B48BC621150E5200AB5415 /* AppUserContent.swift in Sources */,
				795447D621A10FAD00AB281D /* UIFont+commonStyles.swift in Sources */,
				799C005121128F32001BF07D /* AppUserAPIService.swift in Sources */,
				795E719D2175796900E40F16 /* SearchTableViewController.swift in Sources */,
				79B48BCF21150EFB00AB5415 /* ReviewableInfo.swift in Sources */,
				795CE0FE217813D600311390 /* KeychainPasswordItem.swift in Sources */,
				79734CD621A8FEDD004AF5DD /* ReviewReply.swift in Sources */,
				79734CCC21A8B663004AF5DD /* ReviewTableViewController.swift in Sources */,
				79D48150218A5F4A001AEB95 /* MainTabbarViewController.swift in Sources */,
				79647B6C21AB47D700C94ED6 /* SettingsInputTableViewCell.swift in Sources */,
				799C140E21A9CB6B001ABFC2 /* Date+Format.swift in Sources */,
				795FB6A0224DA89400E81735 /* LoginViewController.swift in Sources */,
				79639BF82183F02C00996DD9 /* String+Size.swift in Sources */,
				7906A27A219FBB4C006CC94C /* Image+Url.swift in Sources */,
				79594BA6217F72FB00A5C34C /* ReviewsCollectionViewController.swift in Sources */,
			);
			runOnlyForDeploymentPostprocessing = 0;
		};
		7994BFED20608A9600D05B25 /* Sources */ = {
			isa = PBXSourcesBuildPhase;
			buildActionMask = 2147483647;
			files = (
				799C141021A9CC3A001ABFC2 /* ReviewableModelTests.swift in Sources */,
				79085991216DA3D900E16AD1 /* AppUserModelTests.swift in Sources */,
				7994BFF620608A9600D05B25 /* RevvrTests.swift in Sources */,
				799C141221A9CC45001ABFC2 /* ReviewModelTests.swift in Sources */,
			);
			runOnlyForDeploymentPostprocessing = 0;
		};
		7994BFF820608A9600D05B25 /* Sources */ = {
			isa = PBXSourcesBuildPhase;
			buildActionMask = 2147483647;
			files = (
				7994C00120608A9600D05B25 /* RevvrUITests.swift in Sources */,
			);
			runOnlyForDeploymentPostprocessing = 0;
		};
/* End PBXSourcesBuildPhase section */

/* Begin PBXTargetDependency section */
		7994BFF320608A9600D05B25 /* PBXTargetDependency */ = {
			isa = PBXTargetDependency;
			target = 7994BFD920608A9600D05B25 /* Revvr */;
			targetProxy = 7994BFF220608A9600D05B25 /* PBXContainerItemProxy */;
		};
		7994BFFE20608A9600D05B25 /* PBXTargetDependency */ = {
			isa = PBXTargetDependency;
			target = 7994BFD920608A9600D05B25 /* Revvr */;
			targetProxy = 7994BFFD20608A9600D05B25 /* PBXContainerItemProxy */;
		};
/* End PBXTargetDependency section */

/* Begin PBXVariantGroup section */
		7994BFE120608A9600D05B25 /* Main.storyboard */ = {
			isa = PBXVariantGroup;
			children = (
				7994BFE220608A9600D05B25 /* Base */,
			);
			name = Main.storyboard;
			sourceTree = "<group>";
		};
		7994BFE920608A9600D05B25 /* LaunchScreen.storyboard */ = {
			isa = PBXVariantGroup;
			children = (
				7994BFEA20608A9600D05B25 /* Base */,
			);
			name = LaunchScreen.storyboard;
			sourceTree = "<group>";
		};
/* End PBXVariantGroup section */

/* Begin XCBuildConfiguration section */
		7994C00320608A9600D05B25 /* Debug */ = {
			isa = XCBuildConfiguration;
			buildSettings = {
				ALWAYS_SEARCH_USER_PATHS = NO;
				CLANG_ANALYZER_NONNULL = YES;
				CLANG_ANALYZER_NUMBER_OBJECT_CONVERSION = YES_AGGRESSIVE;
				CLANG_CXX_LANGUAGE_STANDARD = "gnu++14";
				CLANG_CXX_LIBRARY = "libc++";
				CLANG_ENABLE_MODULES = YES;
				CLANG_ENABLE_OBJC_ARC = YES;
				CLANG_WARN_BLOCK_CAPTURE_AUTORELEASING = YES;
				CLANG_WARN_BOOL_CONVERSION = YES;
				CLANG_WARN_COMMA = YES;
				CLANG_WARN_CONSTANT_CONVERSION = YES;
				CLANG_WARN_DIRECT_OBJC_ISA_USAGE = YES_ERROR;
				CLANG_WARN_DOCUMENTATION_COMMENTS = YES;
				CLANG_WARN_EMPTY_BODY = YES;
				CLANG_WARN_ENUM_CONVERSION = YES;
				CLANG_WARN_INFINITE_RECURSION = YES;
				CLANG_WARN_INT_CONVERSION = YES;
				CLANG_WARN_NON_LITERAL_NULL_CONVERSION = YES;
				CLANG_WARN_OBJC_LITERAL_CONVERSION = YES;
				CLANG_WARN_OBJC_ROOT_CLASS = YES_ERROR;
				CLANG_WARN_RANGE_LOOP_ANALYSIS = YES;
				CLANG_WARN_STRICT_PROTOTYPES = YES;
				CLANG_WARN_SUSPICIOUS_MOVE = YES;
				CLANG_WARN_UNGUARDED_AVAILABILITY = YES_AGGRESSIVE;
				CLANG_WARN_UNREACHABLE_CODE = YES;
				CLANG_WARN__DUPLICATE_METHOD_MATCH = YES;
				CODE_SIGN_IDENTITY = "iPhone Developer";
				COPY_PHASE_STRIP = NO;
				DEBUG_INFORMATION_FORMAT = dwarf;
				ENABLE_STRICT_OBJC_MSGSEND = YES;
				ENABLE_TESTABILITY = YES;
				GCC_C_LANGUAGE_STANDARD = gnu11;
				GCC_DYNAMIC_NO_PIC = NO;
				GCC_NO_COMMON_BLOCKS = YES;
				GCC_OPTIMIZATION_LEVEL = 0;
				GCC_PREPROCESSOR_DEFINITIONS = (
					"DEBUG=1",
					"$(inherited)",
				);
				GCC_WARN_64_TO_32_BIT_CONVERSION = YES;
				GCC_WARN_ABOUT_RETURN_TYPE = YES_ERROR;
				GCC_WARN_UNDECLARED_SELECTOR = YES;
				GCC_WARN_UNINITIALIZED_AUTOS = YES_AGGRESSIVE;
				GCC_WARN_UNUSED_FUNCTION = YES;
				GCC_WARN_UNUSED_VARIABLE = YES;
				IPHONEOS_DEPLOYMENT_TARGET = 11.2;
				MTL_ENABLE_DEBUG_INFO = YES;
				ONLY_ACTIVE_ARCH = YES;
				SDKROOT = iphoneos;
				SWIFT_ACTIVE_COMPILATION_CONDITIONS = DEBUG;
				SWIFT_OPTIMIZATION_LEVEL = "-Onone";
			};
			name = Debug;
		};
		7994C00420608A9600D05B25 /* Release */ = {
			isa = XCBuildConfiguration;
			buildSettings = {
				ALWAYS_SEARCH_USER_PATHS = NO;
				CLANG_ANALYZER_NONNULL = YES;
				CLANG_ANALYZER_NUMBER_OBJECT_CONVERSION = YES_AGGRESSIVE;
				CLANG_CXX_LANGUAGE_STANDARD = "gnu++14";
				CLANG_CXX_LIBRARY = "libc++";
				CLANG_ENABLE_MODULES = YES;
				CLANG_ENABLE_OBJC_ARC = YES;
				CLANG_WARN_BLOCK_CAPTURE_AUTORELEASING = YES;
				CLANG_WARN_BOOL_CONVERSION = YES;
				CLANG_WARN_COMMA = YES;
				CLANG_WARN_CONSTANT_CONVERSION = YES;
				CLANG_WARN_DIRECT_OBJC_ISA_USAGE = YES_ERROR;
				CLANG_WARN_DOCUMENTATION_COMMENTS = YES;
				CLANG_WARN_EMPTY_BODY = YES;
				CLANG_WARN_ENUM_CONVERSION = YES;
				CLANG_WARN_INFINITE_RECURSION = YES;
				CLANG_WARN_INT_CONVERSION = YES;
				CLANG_WARN_NON_LITERAL_NULL_CONVERSION = YES;
				CLANG_WARN_OBJC_LITERAL_CONVERSION = YES;
				CLANG_WARN_OBJC_ROOT_CLASS = YES_ERROR;
				CLANG_WARN_RANGE_LOOP_ANALYSIS = YES;
				CLANG_WARN_STRICT_PROTOTYPES = YES;
				CLANG_WARN_SUSPICIOUS_MOVE = YES;
				CLANG_WARN_UNGUARDED_AVAILABILITY = YES_AGGRESSIVE;
				CLANG_WARN_UNREACHABLE_CODE = YES;
				CLANG_WARN__DUPLICATE_METHOD_MATCH = YES;
				CODE_SIGN_IDENTITY = "iPhone Developer";
				COPY_PHASE_STRIP = NO;
				DEBUG_INFORMATION_FORMAT = "dwarf-with-dsym";
				ENABLE_NS_ASSERTIONS = NO;
				ENABLE_STRICT_OBJC_MSGSEND = YES;
				GCC_C_LANGUAGE_STANDARD = gnu11;
				GCC_NO_COMMON_BLOCKS = YES;
				GCC_WARN_64_TO_32_BIT_CONVERSION = YES;
				GCC_WARN_ABOUT_RETURN_TYPE = YES_ERROR;
				GCC_WARN_UNDECLARED_SELECTOR = YES;
				GCC_WARN_UNINITIALIZED_AUTOS = YES_AGGRESSIVE;
				GCC_WARN_UNUSED_FUNCTION = YES;
				GCC_WARN_UNUSED_VARIABLE = YES;
				IPHONEOS_DEPLOYMENT_TARGET = 11.2;
				MTL_ENABLE_DEBUG_INFO = NO;
				SDKROOT = iphoneos;
				SWIFT_OPTIMIZATION_LEVEL = "-Owholemodule";
				VALIDATE_PRODUCT = YES;
			};
			name = Release;
		};
		7994C00620608A9600D05B25 /* Debug */ = {
			isa = XCBuildConfiguration;
			baseConfigurationReference = 80FF82895DB7AC9B7F0D7938 /* Pods-Revvr.debug.xcconfig */;
			buildSettings = {
				ASSETCATALOG_COMPILER_APPICON_NAME = AppIcon;
				ASSETCATALOG_COMPILER_LAUNCHIMAGE_NAME = LaunchImage;
				CODE_SIGN_STYLE = Automatic;
				DEVELOPMENT_TEAM = 5B745E2Q5N;
				INFOPLIST_FILE = Revvr/Info.plist;
				LD_RUNPATH_SEARCH_PATHS = "$(inherited) @executable_path/Frameworks";
				PRODUCT_BUNDLE_IDENTIFIER = com.revvr.Revvr;
				PRODUCT_NAME = "$(TARGET_NAME)";
				SWIFT_VERSION = 4.0;
				TARGETED_DEVICE_FAMILY = "1,2";
			};
			name = Debug;
		};
		7994C00720608A9600D05B25 /* Release */ = {
			isa = XCBuildConfiguration;
			baseConfigurationReference = 339CFAFFB37B129947BEB4B6 /* Pods-Revvr.release.xcconfig */;
			buildSettings = {
				ASSETCATALOG_COMPILER_APPICON_NAME = AppIcon;
				ASSETCATALOG_COMPILER_LAUNCHIMAGE_NAME = LaunchImage;
				CODE_SIGN_STYLE = Automatic;
				DEVELOPMENT_TEAM = 5B745E2Q5N;
				INFOPLIST_FILE = Revvr/Info.plist;
				LD_RUNPATH_SEARCH_PATHS = "$(inherited) @executable_path/Frameworks";
				PRODUCT_BUNDLE_IDENTIFIER = com.revvr.Revvr;
				PRODUCT_NAME = "$(TARGET_NAME)";
				SWIFT_VERSION = 4.0;
				TARGETED_DEVICE_FAMILY = "1,2";
			};
			name = Release;
		};
		7994C00920608A9600D05B25 /* Debug */ = {
			isa = XCBuildConfiguration;
			baseConfigurationReference = 83689F9E1F249FC5295F03C7 /* Pods-RevvrTests.debug.xcconfig */;
			buildSettings = {
				ALWAYS_EMBED_SWIFT_STANDARD_LIBRARIES = YES;
				BUNDLE_LOADER = "$(TEST_HOST)";
				CODE_SIGN_STYLE = Automatic;
				DEVELOPMENT_TEAM = 5B745E2Q5N;
				INFOPLIST_FILE = RevvrTests/Info.plist;
				LD_RUNPATH_SEARCH_PATHS = "$(inherited) @executable_path/Frameworks @loader_path/Frameworks";
				PRODUCT_BUNDLE_IDENTIFIER = com.revvr.RevvrTests;
				PRODUCT_NAME = "$(TARGET_NAME)";
				SWIFT_VERSION = 4.0;
				TARGETED_DEVICE_FAMILY = "1,2";
				TEST_HOST = "$(BUILT_PRODUCTS_DIR)/Revvr.app/Revvr";
			};
			name = Debug;
		};
		7994C00A20608A9600D05B25 /* Release */ = {
			isa = XCBuildConfiguration;
			baseConfigurationReference = DE6DCE84E90948C214DBB473 /* Pods-RevvrTests.release.xcconfig */;
			buildSettings = {
				ALWAYS_EMBED_SWIFT_STANDARD_LIBRARIES = YES;
				BUNDLE_LOADER = "$(TEST_HOST)";
				CODE_SIGN_STYLE = Automatic;
				DEVELOPMENT_TEAM = 5B745E2Q5N;
				INFOPLIST_FILE = RevvrTests/Info.plist;
				LD_RUNPATH_SEARCH_PATHS = "$(inherited) @executable_path/Frameworks @loader_path/Frameworks";
				PRODUCT_BUNDLE_IDENTIFIER = com.revvr.RevvrTests;
				PRODUCT_NAME = "$(TARGET_NAME)";
				SWIFT_VERSION = 4.0;
				TARGETED_DEVICE_FAMILY = "1,2";
				TEST_HOST = "$(BUILT_PRODUCTS_DIR)/Revvr.app/Revvr";
			};
			name = Release;
		};
		7994C00C20608A9600D05B25 /* Debug */ = {
			isa = XCBuildConfiguration;
			baseConfigurationReference = F596A50B021DA6DBB7E55AC9 /* Pods-RevvrUITests.debug.xcconfig */;
			buildSettings = {
				ALWAYS_EMBED_SWIFT_STANDARD_LIBRARIES = YES;
				CODE_SIGN_STYLE = Automatic;
				DEVELOPMENT_TEAM = 5B745E2Q5N;
				INFOPLIST_FILE = RevvrUITests/Info.plist;
				LD_RUNPATH_SEARCH_PATHS = "$(inherited) @executable_path/Frameworks @loader_path/Frameworks";
				PRODUCT_BUNDLE_IDENTIFIER = com.revvr.RevvrUITests;
				PRODUCT_NAME = "$(TARGET_NAME)";
				SWIFT_VERSION = 4.0;
				TARGETED_DEVICE_FAMILY = "1,2";
				TEST_TARGET_NAME = Revvr;
			};
			name = Debug;
		};
		7994C00D20608A9600D05B25 /* Release */ = {
			isa = XCBuildConfiguration;
			baseConfigurationReference = 55D193159E258AA569254070 /* Pods-RevvrUITests.release.xcconfig */;
			buildSettings = {
				ALWAYS_EMBED_SWIFT_STANDARD_LIBRARIES = YES;
				CODE_SIGN_STYLE = Automatic;
				DEVELOPMENT_TEAM = 5B745E2Q5N;
				INFOPLIST_FILE = RevvrUITests/Info.plist;
				LD_RUNPATH_SEARCH_PATHS = "$(inherited) @executable_path/Frameworks @loader_path/Frameworks";
				PRODUCT_BUNDLE_IDENTIFIER = com.revvr.RevvrUITests;
				PRODUCT_NAME = "$(TARGET_NAME)";
				SWIFT_VERSION = 4.0;
				TARGETED_DEVICE_FAMILY = "1,2";
				TEST_TARGET_NAME = Revvr;
			};
			name = Release;
		};
/* End XCBuildConfiguration section */

/* Begin XCConfigurationList section */
		7994BFD520608A9500D05B25 /* Build configuration list for PBXProject "Revvr" */ = {
			isa = XCConfigurationList;
			buildConfigurations = (
				7994C00320608A9600D05B25 /* Debug */,
				7994C00420608A9600D05B25 /* Release */,
			);
			defaultConfigurationIsVisible = 0;
			defaultConfigurationName = Release;
		};
		7994C00520608A9600D05B25 /* Build configuration list for PBXNativeTarget "Revvr" */ = {
			isa = XCConfigurationList;
			buildConfigurations = (
				7994C00620608A9600D05B25 /* Debug */,
				7994C00720608A9600D05B25 /* Release */,
			);
			defaultConfigurationIsVisible = 0;
			defaultConfigurationName = Release;
		};
		7994C00820608A9600D05B25 /* Build configuration list for PBXNativeTarget "RevvrTests" */ = {
			isa = XCConfigurationList;
			buildConfigurations = (
				7994C00920608A9600D05B25 /* Debug */,
				7994C00A20608A9600D05B25 /* Release */,
			);
			defaultConfigurationIsVisible = 0;
			defaultConfigurationName = Release;
		};
		7994C00B20608A9600D05B25 /* Build configuration list for PBXNativeTarget "RevvrUITests" */ = {
			isa = XCConfigurationList;
			buildConfigurations = (
				7994C00C20608A9600D05B25 /* Debug */,
				7994C00D20608A9600D05B25 /* Release */,
			);
			defaultConfigurationIsVisible = 0;
			defaultConfigurationName = Release;
		};
/* End XCConfigurationList section */

/* Begin XCVersionGroup section */
		7994BFE420608A9600D05B25 /* Revvr.xcdatamodeld */ = {
			isa = XCVersionGroup;
			children = (
				7994BFE520608A9600D05B25 /* Revvr.xcdatamodel */,
			);
			currentVersion = 7994BFE520608A9600D05B25 /* Revvr.xcdatamodel */;
			path = Revvr.xcdatamodeld;
			sourceTree = "<group>";
			versionGroupType = wrapper.xcdatamodel;
		};
/* End XCVersionGroup section */
	};
	rootObject = 7994BFD220608A9500D05B25 /* Project object */;
}
